// !$*UTF8*$!
{
	archiveVersion = 1;
	classes = {
	};
	objectVersion = 56;
	objects = {

/* Begin PBXBuildFile section */
		70BEFB2E2BED58570052CC25 /* AIGameProj1App.swift in Sources */ = {isa = PBXBuildFile; fileRef = 70BEFB2D2BED58570052CC25 /* AIGameProj1App.swift */; };
		70BEFB302BED58570052CC25 /* ChatView.swift in Sources */ = {isa = PBXBuildFile; fileRef = 70BEFB2F2BED58570052CC25 /* ChatView.swift */; };
		70BEFB322BED58590052CC25 /* Assets.xcassets in Resources */ = {isa = PBXBuildFile; fileRef = 70BEFB312BED58590052CC25 /* Assets.xcassets */; };
		70BEFB352BED58590052CC25 /* Preview Assets.xcassets in Resources */ = {isa = PBXBuildFile; fileRef = 70BEFB342BED58590052CC25 /* Preview Assets.xcassets */; };
		70BEFB3D2BED60930052CC25 /* OpenAI in Frameworks */ = {isa = PBXBuildFile; productRef = 70BEFB3C2BED60930052CC25 /* OpenAI */; };
		70E159492BF5129B00DDD5E3 /* ChatModel.swift in Sources */ = {isa = PBXBuildFile; fileRef = 70E159482BF5129B00DDD5E3 /* ChatModel.swift */; };
		70E1594B2BF8DE6200DDD5E3 /* ChatController.swift in Sources */ = {isa = PBXBuildFile; fileRef = 70E1594A2BF8DE6200DDD5E3 /* ChatController.swift */; };
		70E1594D2BF8DF0800DDD5E3 /* MessegeView.swift in Sources */ = {isa = PBXBuildFile; fileRef = 70E1594C2BF8DF0800DDD5E3 /* MessegeView.swift */; };
		70E159502BF8E3DD00DDD5E3 /* MainView.swift in Sources */ = {isa = PBXBuildFile; fileRef = 70E1594F2BF8E3DD00DDD5E3 /* MainView.swift */; };
		70E1596E2BFBAEE400DDD5E3 /* FirebaseAuth in Frameworks */ = {isa = PBXBuildFile; productRef = 70E1596D2BFBAEE400DDD5E3 /* FirebaseAuth */; };
		70E159702BFBAEE400DDD5E3 /* FirebaseFirestore in Frameworks */ = {isa = PBXBuildFile; productRef = 70E1596F2BFBAEE400DDD5E3 /* FirebaseFirestore */; };
		70E159742BFBB1CE00DDD5E3 /* GoogleService-Info.plist in Resources */ = {isa = PBXBuildFile; fileRef = 70E159732BFBB1CE00DDD5E3 /* GoogleService-Info.plist */; };
		70E159762BFBB2BB00DDD5E3 /* AppDelegate.swift in Sources */ = {isa = PBXBuildFile; fileRef = 70E159752BFBB2BB00DDD5E3 /* AppDelegate.swift */; };
		70E159792BFBB65000DDD5E3 /* FirebaseFirestoreSwift in Frameworks */ = {isa = PBXBuildFile; productRef = 70E159782BFBB65000DDD5E3 /* FirebaseFirestoreSwift */; };
		70E1597D2BFF73D500DDD5E3 /* AuthenticationView.swift in Sources */ = {isa = PBXBuildFile; fileRef = 70E1597C2BFF73D500DDD5E3 /* AuthenticationView.swift */; };
		70E1597F2BFF73DD00DDD5E3 /* SignInEmailView.swift in Sources */ = {isa = PBXBuildFile; fileRef = 70E1597E2BFF73DD00DDD5E3 /* SignInEmailView.swift */; };
		70E159812BFF7AE600DDD5E3 /* SignInEmailViewModel.swift in Sources */ = {isa = PBXBuildFile; fileRef = 70E159802BFF7AE600DDD5E3 /* SignInEmailViewModel.swift */; };
		70E159832BFF800800DDD5E3 /* AuthenticationManager.swift in Sources */ = {isa = PBXBuildFile; fileRef = 70E159822BFF800800DDD5E3 /* AuthenticationManager.swift */; };
		70E159852BFF968200DDD5E3 /* RootView.swift in Sources */ = {isa = PBXBuildFile; fileRef = 70E159842BFF968200DDD5E3 /* RootView.swift */; };
		70E159882BFF9BAD00DDD5E3 /* SettingView.swift in Sources */ = {isa = PBXBuildFile; fileRef = 70E159872BFF9BAD00DDD5E3 /* SettingView.swift */; };
		70E1598A2BFF9C4800DDD5E3 /* SettingViewModel.swift in Sources */ = {isa = PBXBuildFile; fileRef = 70E159892BFF9C4800DDD5E3 /* SettingViewModel.swift */; };
		70E159982C0E0BA200DDD5E3 /* CustomTabView.swift in Sources */ = {isa = PBXBuildFile; fileRef = 70E159972C0E0BA200DDD5E3 /* CustomTabView.swift */; };
		70E1599A2C0E144300DDD5E3 /* HomeView.swift in Sources */ = {isa = PBXBuildFile; fileRef = 70E159992C0E144300DDD5E3 /* HomeView.swift */; };
		70E1599C2C0E15DC00DDD5E3 /* BrowseView.swift in Sources */ = {isa = PBXBuildFile; fileRef = 70E1599B2C0E15DC00DDD5E3 /* BrowseView.swift */; };
		70E159A62C0E658900DDD5E3 /* ResultView.swift in Sources */ = {isa = PBXBuildFile; fileRef = 70E159A52C0E658900DDD5E3 /* ResultView.swift */; };
		70E159A82C0E6F4200DDD5E3 /* HomeViewModel.swift in Sources */ = {isa = PBXBuildFile; fileRef = 70E159A72C0E6F4200DDD5E3 /* HomeViewModel.swift */; };
		70E159AC2C0F13F900DDD5E3 /* ProfileView.swift in Sources */ = {isa = PBXBuildFile; fileRef = 70E159AB2C0F13F900DDD5E3 /* ProfileView.swift */; };
		70E159AF2C0F270200DDD5E3 /* UserManager.swift in Sources */ = {isa = PBXBuildFile; fileRef = 70E159AE2C0F270200DDD5E3 /* UserManager.swift */; };
		70E159B12C0FA64D00DDD5E3 /* NewChatView.swift in Sources */ = {isa = PBXBuildFile; fileRef = 70E159B02C0FA64D00DDD5E3 /* NewChatView.swift */; };
		70E159B32C0FC6A100DDD5E3 /* ProfileViewModel.swift in Sources */ = {isa = PBXBuildFile; fileRef = 70E159B22C0FC6A000DDD5E3 /* ProfileViewModel.swift */; };
		70E159B82C0FC7D200DDD5E3 /* NewChatViewModel.swift in Sources */ = {isa = PBXBuildFile; fileRef = 70E159B72C0FC7D100DDD5E3 /* NewChatViewModel.swift */; };
		70E159BF2C0FD50C00DDD5E3 /* FirebaseStorage in Frameworks */ = {isa = PBXBuildFile; productRef = 70E159BE2C0FD50C00DDD5E3 /* FirebaseStorage */; };
		70E159C32C0FD5E100DDD5E3 /* StorageManager.swift in Sources */ = {isa = PBXBuildFile; fileRef = 70E159C22C0FD5E100DDD5E3 /* StorageManager.swift */; };
/* End PBXBuildFile section */

/* Begin PBXFileReference section */
		70BEFB2A2BED58570052CC25 /* AIGameProj1.app */ = {isa = PBXFileReference; explicitFileType = wrapper.application; includeInIndex = 0; path = AIGameProj1.app; sourceTree = BUILT_PRODUCTS_DIR; };
		70BEFB2D2BED58570052CC25 /* AIGameProj1App.swift */ = {isa = PBXFileReference; lastKnownFileType = sourcecode.swift; path = AIGameProj1App.swift; sourceTree = "<group>"; };
		70BEFB2F2BED58570052CC25 /* ChatView.swift */ = {isa = PBXFileReference; lastKnownFileType = sourcecode.swift; path = ChatView.swift; sourceTree = "<group>"; };
		70BEFB312BED58590052CC25 /* Assets.xcassets */ = {isa = PBXFileReference; lastKnownFileType = folder.assetcatalog; path = Assets.xcassets; sourceTree = "<group>"; };
		70BEFB342BED58590052CC25 /* Preview Assets.xcassets */ = {isa = PBXFileReference; lastKnownFileType = folder.assetcatalog; path = "Preview Assets.xcassets"; sourceTree = "<group>"; };
		70E159482BF5129B00DDD5E3 /* ChatModel.swift */ = {isa = PBXFileReference; lastKnownFileType = sourcecode.swift; path = ChatModel.swift; sourceTree = "<group>"; };
		70E1594A2BF8DE6200DDD5E3 /* ChatController.swift */ = {isa = PBXFileReference; lastKnownFileType = sourcecode.swift; path = ChatController.swift; sourceTree = "<group>"; };
		70E1594C2BF8DF0800DDD5E3 /* MessegeView.swift */ = {isa = PBXFileReference; lastKnownFileType = sourcecode.swift; path = MessegeView.swift; sourceTree = "<group>"; };
		70E1594F2BF8E3DD00DDD5E3 /* MainView.swift */ = {isa = PBXFileReference; lastKnownFileType = sourcecode.swift; path = MainView.swift; sourceTree = "<group>"; };
		70E159732BFBB1CE00DDD5E3 /* GoogleService-Info.plist */ = {isa = PBXFileReference; fileEncoding = 4; lastKnownFileType = text.plist.xml; name = "GoogleService-Info.plist"; path = "../../../../Downloads/GoogleService-Info.plist"; sourceTree = "<group>"; };
		70E159752BFBB2BB00DDD5E3 /* AppDelegate.swift */ = {isa = PBXFileReference; lastKnownFileType = sourcecode.swift; path = AppDelegate.swift; sourceTree = "<group>"; };
		70E1597C2BFF73D500DDD5E3 /* AuthenticationView.swift */ = {isa = PBXFileReference; lastKnownFileType = sourcecode.swift; path = AuthenticationView.swift; sourceTree = "<group>"; };
		70E1597E2BFF73DD00DDD5E3 /* SignInEmailView.swift */ = {isa = PBXFileReference; lastKnownFileType = sourcecode.swift; path = SignInEmailView.swift; sourceTree = "<group>"; };
		70E159802BFF7AE600DDD5E3 /* SignInEmailViewModel.swift */ = {isa = PBXFileReference; lastKnownFileType = sourcecode.swift; path = SignInEmailViewModel.swift; sourceTree = "<group>"; };
		70E159822BFF800800DDD5E3 /* AuthenticationManager.swift */ = {isa = PBXFileReference; lastKnownFileType = sourcecode.swift; path = AuthenticationManager.swift; sourceTree = "<group>"; };
		70E159842BFF968200DDD5E3 /* RootView.swift */ = {isa = PBXFileReference; lastKnownFileType = sourcecode.swift; path = RootView.swift; sourceTree = "<group>"; };
		70E159872BFF9BAD00DDD5E3 /* SettingView.swift */ = {isa = PBXFileReference; lastKnownFileType = sourcecode.swift; path = SettingView.swift; sourceTree = "<group>"; };
		70E159892BFF9C4800DDD5E3 /* SettingViewModel.swift */ = {isa = PBXFileReference; lastKnownFileType = sourcecode.swift; path = SettingViewModel.swift; sourceTree = "<group>"; };
		70E159972C0E0BA200DDD5E3 /* CustomTabView.swift */ = {isa = PBXFileReference; lastKnownFileType = sourcecode.swift; path = CustomTabView.swift; sourceTree = "<group>"; };
		70E159992C0E144300DDD5E3 /* HomeView.swift */ = {isa = PBXFileReference; lastKnownFileType = sourcecode.swift; path = HomeView.swift; sourceTree = "<group>"; };
		70E1599B2C0E15DC00DDD5E3 /* BrowseView.swift */ = {isa = PBXFileReference; lastKnownFileType = sourcecode.swift; path = BrowseView.swift; sourceTree = "<group>"; };
		70E159A52C0E658900DDD5E3 /* ResultView.swift */ = {isa = PBXFileReference; lastKnownFileType = sourcecode.swift; path = ResultView.swift; sourceTree = "<group>"; };
		70E159A72C0E6F4200DDD5E3 /* HomeViewModel.swift */ = {isa = PBXFileReference; lastKnownFileType = sourcecode.swift; path = HomeViewModel.swift; sourceTree = "<group>"; };
		70E159AB2C0F13F900DDD5E3 /* ProfileView.swift */ = {isa = PBXFileReference; lastKnownFileType = sourcecode.swift; path = ProfileView.swift; sourceTree = "<group>"; };
		70E159AE2C0F270200DDD5E3 /* UserManager.swift */ = {isa = PBXFileReference; lastKnownFileType = sourcecode.swift; path = UserManager.swift; sourceTree = "<group>"; };
		70E159B02C0FA64D00DDD5E3 /* NewChatView.swift */ = {isa = PBXFileReference; lastKnownFileType = sourcecode.swift; path = NewChatView.swift; sourceTree = "<group>"; };
		70E159B22C0FC6A000DDD5E3 /* ProfileViewModel.swift */ = {isa = PBXFileReference; lastKnownFileType = sourcecode.swift; path = ProfileViewModel.swift; sourceTree = "<group>"; };
		70E159B72C0FC7D100DDD5E3 /* NewChatViewModel.swift */ = {isa = PBXFileReference; lastKnownFileType = sourcecode.swift; path = NewChatViewModel.swift; sourceTree = "<group>"; };
		70E159C22C0FD5E100DDD5E3 /* StorageManager.swift */ = {isa = PBXFileReference; lastKnownFileType = sourcecode.swift; path = StorageManager.swift; sourceTree = "<group>"; };
/* End PBXFileReference section */

/* Begin PBXFrameworksBuildPhase section */
		70BEFB272BED58570052CC25 /* Frameworks */ = {
			isa = PBXFrameworksBuildPhase;
			buildActionMask = 2147483647;
			files = (
				70BEFB3D2BED60930052CC25 /* OpenAI in Frameworks */,
				70E1596E2BFBAEE400DDD5E3 /* FirebaseAuth in Frameworks */,
				70E159702BFBAEE400DDD5E3 /* FirebaseFirestore in Frameworks */,
				70E159BF2C0FD50C00DDD5E3 /* FirebaseStorage in Frameworks */,
				70E159792BFBB65000DDD5E3 /* FirebaseFirestoreSwift in Frameworks */,
			);
			runOnlyForDeploymentPostprocessing = 0;
		};
/* End PBXFrameworksBuildPhase section */

/* Begin PBXGroup section */
		70BEFB212BED58570052CC25 = {
			isa = PBXGroup;
			children = (
				70BEFB2C2BED58570052CC25 /* AIGameProj1 */,
				70BEFB2B2BED58570052CC25 /* Products */,
			);
			sourceTree = "<group>";
		};
		70BEFB2B2BED58570052CC25 /* Products */ = {
			isa = PBXGroup;
			children = (
				70BEFB2A2BED58570052CC25 /* AIGameProj1.app */,
			);
			name = Products;
			sourceTree = "<group>";
		};
		70BEFB2C2BED58570052CC25 /* AIGameProj1 */ = {
			isa = PBXGroup;
			children = (
				70BEFB2D2BED58570052CC25 /* AIGameProj1App.swift */,
				70E159752BFBB2BB00DDD5E3 /* AppDelegate.swift */,
				70E159A92C0F138400DDD5E3 /* Core */,
				70E159432BF5032400DDD5E3 /* Model */,
				70E159412BF4FB2200DDD5E3 /* Chat */,
				70E159C02C0FD5A900DDD5E3 /* Storage */,
				70E159732BFBB1CE00DDD5E3 /* GoogleService-Info.plist */,
				70BEFB312BED58590052CC25 /* Assets.xcassets */,
				70BEFB332BED58590052CC25 /* Preview Content */,
			);
			path = AIGameProj1;
			sourceTree = "<group>";
		};
		70BEFB332BED58590052CC25 /* Preview Content */ = {
			isa = PBXGroup;
			children = (
				70BEFB342BED58590052CC25 /* Preview Assets.xcassets */,
			);
			path = "Preview Content";
			sourceTree = "<group>";
		};
		70E159412BF4FB2200DDD5E3 /* Chat */ = {
			isa = PBXGroup;
			children = (
				70BEFB2F2BED58570052CC25 /* ChatView.swift */,
				70E1594C2BF8DF0800DDD5E3 /* MessegeView.swift */,
				70E1594A2BF8DE6200DDD5E3 /* ChatController.swift */,
			);
			path = Chat;
			sourceTree = "<group>";
		};
		70E159432BF5032400DDD5E3 /* Model */ = {
			isa = PBXGroup;
			children = (
				70E159BA2C0FCAC800DDD5E3 /* Chat */,
				70E159AD2C0F26E100DDD5E3 /* Firestore */,
			);
			path = Model;
			sourceTree = "<group>";
		};
		70E1594E2BF8E3BC00DDD5E3 /* MainMenu */ = {
			isa = PBXGroup;
			children = (
				70E1594F2BF8E3DD00DDD5E3 /* MainView.swift */,
				70E159B52C0FC6FC00DDD5E3 /* ViewsInMain */,
				70E159B92C0FCA3A00DDD5E3 /* CreateNewChat */,
			);
			path = MainMenu;
			sourceTree = "<group>";
		};
		70E159632BFBA3C800DDD5E3 /* Authorization */ = {
			isa = PBXGroup;
			children = (
				70E1597C2BFF73D500DDD5E3 /* AuthenticationView.swift */,
				70E1597E2BFF73DD00DDD5E3 /* SignInEmailView.swift */,
				70E159802BFF7AE600DDD5E3 /* SignInEmailViewModel.swift */,
				70E159B62C0FC72700DDD5E3 /* AuthManager */,
			);
			path = Authorization;
			sourceTree = "<group>";
		};
		70E159862BFF981200DDD5E3 /* Settings */ = {
			isa = PBXGroup;
			children = (
				70E159872BFF9BAD00DDD5E3 /* SettingView.swift */,
				70E159892BFF9C4800DDD5E3 /* SettingViewModel.swift */,
				70E159A52C0E658900DDD5E3 /* ResultView.swift */,
			);
			path = Settings;
			sourceTree = "<group>";
		};
		70E159A92C0F138400DDD5E3 /* Core */ = {
			isa = PBXGroup;
			children = (
				70E159842BFF968200DDD5E3 /* RootView.swift */,
				70E1594E2BF8E3BC00DDD5E3 /* MainMenu */,
				70E159632BFBA3C800DDD5E3 /* Authorization */,
			);
			path = Core;
			sourceTree = "<group>";
		};
		70E159AA2C0F13CD00DDD5E3 /* Profile */ = {
			isa = PBXGroup;
			children = (
				70E159AB2C0F13F900DDD5E3 /* ProfileView.swift */,
				70E159B22C0FC6A000DDD5E3 /* ProfileViewModel.swift */,
			);
			path = Profile;
			sourceTree = "<group>";
		};
		70E159AD2C0F26E100DDD5E3 /* Firestore */ = {
			isa = PBXGroup;
			children = (
				70E159AE2C0F270200DDD5E3 /* UserManager.swift */,
			);
			path = Firestore;
			sourceTree = "<group>";
		};
		70E159B42C0FC6D500DDD5E3 /* Subviews */ = {
			isa = PBXGroup;
			children = (
				70E159972C0E0BA200DDD5E3 /* CustomTabView.swift */,
			);
			path = Subviews;
			sourceTree = "<group>";
		};
		70E159B52C0FC6FC00DDD5E3 /* ViewsInMain */ = {
			isa = PBXGroup;
			children = (
				70E159BB2C0FD41800DDD5E3 /* Home */,
				70E159BD2C0FD43D00DDD5E3 /* Browse */,
				70E159862BFF981200DDD5E3 /* Settings */,
				70E159AA2C0F13CD00DDD5E3 /* Profile */,
				70E159B42C0FC6D500DDD5E3 /* Subviews */,
			);
			path = ViewsInMain;
			sourceTree = "<group>";
		};
		70E159B62C0FC72700DDD5E3 /* AuthManager */ = {
			isa = PBXGroup;
			children = (
				70E159822BFF800800DDD5E3 /* AuthenticationManager.swift */,
			);
			path = AuthManager;
			sourceTree = "<group>";
		};
		70E159B92C0FCA3A00DDD5E3 /* CreateNewChat */ = {
			isa = PBXGroup;
			children = (
				70E159B02C0FA64D00DDD5E3 /* NewChatView.swift */,
				70E159B72C0FC7D100DDD5E3 /* NewChatViewModel.swift */,
			);
			path = CreateNewChat;
			sourceTree = "<group>";
		};
		70E159BA2C0FCAC800DDD5E3 /* Chat */ = {
			isa = PBXGroup;
			children = (
				70E159482BF5129B00DDD5E3 /* ChatModel.swift */,
			);
			path = Chat;
			sourceTree = "<group>";
		};
		70E159BB2C0FD41800DDD5E3 /* Home */ = {
			isa = PBXGroup;
			children = (
				70E159992C0E144300DDD5E3 /* HomeView.swift */,
				70E159A72C0E6F4200DDD5E3 /* HomeViewModel.swift */,
			);
			path = Home;
			sourceTree = "<group>";
		};
		70E159BD2C0FD43D00DDD5E3 /* Browse */ = {
			isa = PBXGroup;
			children = (
				70E1599B2C0E15DC00DDD5E3 /* BrowseView.swift */,
			);
			path = Browse;
			sourceTree = "<group>";
		};
		70E159C02C0FD5A900DDD5E3 /* Storage */ = {
			isa = PBXGroup;
			children = (
				70E159C22C0FD5E100DDD5E3 /* StorageManager.swift */,
			);
			path = Storage;
			sourceTree = "<group>";
		};
/* End PBXGroup section */

/* Begin PBXNativeTarget section */
		70BEFB292BED58570052CC25 /* AIGameProj1 */ = {
			isa = PBXNativeTarget;
			buildConfigurationList = 70BEFB382BED58590052CC25 /* Build configuration list for PBXNativeTarget "AIGameProj1" */;
			buildPhases = (
				70BEFB262BED58570052CC25 /* Sources */,
				70BEFB272BED58570052CC25 /* Frameworks */,
				70BEFB282BED58570052CC25 /* Resources */,
			);
			buildRules = (
			);
			dependencies = (
			);
			name = AIGameProj1;
			packageProductDependencies = (
				70BEFB3C2BED60930052CC25 /* OpenAI */,
				70E1596D2BFBAEE400DDD5E3 /* FirebaseAuth */,
				70E1596F2BFBAEE400DDD5E3 /* FirebaseFirestore */,
				70E159782BFBB65000DDD5E3 /* FirebaseFirestoreSwift */,
				70E159BE2C0FD50C00DDD5E3 /* FirebaseStorage */,
			);
			productName = AIGameProj1;
			productReference = 70BEFB2A2BED58570052CC25 /* AIGameProj1.app */;
			productType = "com.apple.product-type.application";
		};
/* End PBXNativeTarget section */

/* Begin PBXProject section */
		70BEFB222BED58570052CC25 /* Project object */ = {
			isa = PBXProject;
			attributes = {
				BuildIndependentTargetsInParallel = 1;
				LastSwiftUpdateCheck = 1530;
				LastUpgradeCheck = 1530;
				TargetAttributes = {
					70BEFB292BED58570052CC25 = {
						CreatedOnToolsVersion = 15.3;
					};
				};
			};
			buildConfigurationList = 70BEFB252BED58570052CC25 /* Build configuration list for PBXProject "AIGameProj1" */;
			compatibilityVersion = "Xcode 14.0";
			developmentRegion = en;
			hasScannedForEncodings = 0;
			knownRegions = (
				en,
				Base,
			);
			mainGroup = 70BEFB212BED58570052CC25;
			packageReferences = (
				70BEFB3B2BED60930052CC25 /* XCRemoteSwiftPackageReference "OpenAI" */,
				70E1596C2BFBAEE300DDD5E3 /* XCRemoteSwiftPackageReference "firebase-ios-sdk" */,
			);
			productRefGroup = 70BEFB2B2BED58570052CC25 /* Products */;
			projectDirPath = "";
			projectRoot = "";
			targets = (
				70BEFB292BED58570052CC25 /* AIGameProj1 */,
			);
		};
/* End PBXProject section */

/* Begin PBXResourcesBuildPhase section */
		70BEFB282BED58570052CC25 /* Resources */ = {
			isa = PBXResourcesBuildPhase;
			buildActionMask = 2147483647;
			files = (
				70BEFB352BED58590052CC25 /* Preview Assets.xcassets in Resources */,
				70BEFB322BED58590052CC25 /* Assets.xcassets in Resources */,
				70E159742BFBB1CE00DDD5E3 /* GoogleService-Info.plist in Resources */,
			);
			runOnlyForDeploymentPostprocessing = 0;
		};
/* End PBXResourcesBuildPhase section */

/* Begin PBXSourcesBuildPhase section */
		70BEFB262BED58570052CC25 /* Sources */ = {
			isa = PBXSourcesBuildPhase;
			buildActionMask = 2147483647;
			files = (
				70E159762BFBB2BB00DDD5E3 /* AppDelegate.swift in Sources */,
				70E159B12C0FA64D00DDD5E3 /* NewChatView.swift in Sources */,
				70E159C32C0FD5E100DDD5E3 /* StorageManager.swift in Sources */,
				70E1594B2BF8DE6200DDD5E3 /* ChatController.swift in Sources */,
				70E1597D2BFF73D500DDD5E3 /* AuthenticationView.swift in Sources */,
				70E159982C0E0BA200DDD5E3 /* CustomTabView.swift in Sources */,
				70E159B82C0FC7D200DDD5E3 /* NewChatViewModel.swift in Sources */,
				70E159B32C0FC6A100DDD5E3 /* ProfileViewModel.swift in Sources */,
				70E159502BF8E3DD00DDD5E3 /* MainView.swift in Sources */,
				70E159AF2C0F270200DDD5E3 /* UserManager.swift in Sources */,
				70BEFB302BED58570052CC25 /* ChatView.swift in Sources */,
				70E1594D2BF8DF0800DDD5E3 /* MessegeView.swift in Sources */,
				70BEFB2E2BED58570052CC25 /* AIGameProj1App.swift in Sources */,
				70E1599A2C0E144300DDD5E3 /* HomeView.swift in Sources */,
				70E1599C2C0E15DC00DDD5E3 /* BrowseView.swift in Sources */,
				70E159812BFF7AE600DDD5E3 /* SignInEmailViewModel.swift in Sources */,
				70E159882BFF9BAD00DDD5E3 /* SettingView.swift in Sources */,
				70E159492BF5129B00DDD5E3 /* ChatModel.swift in Sources */,
				70E1598A2BFF9C4800DDD5E3 /* SettingViewModel.swift in Sources */,
				70E159A82C0E6F4200DDD5E3 /* HomeViewModel.swift in Sources */,
				70E159852BFF968200DDD5E3 /* RootView.swift in Sources */,
				70E159A62C0E658900DDD5E3 /* ResultView.swift in Sources */,
				70E159832BFF800800DDD5E3 /* AuthenticationManager.swift in Sources */,
				70E159AC2C0F13F900DDD5E3 /* ProfileView.swift in Sources */,
				70E1597F2BFF73DD00DDD5E3 /* SignInEmailView.swift in Sources */,
			);
			runOnlyForDeploymentPostprocessing = 0;
		};
/* End PBXSourcesBuildPhase section */

/* Begin XCBuildConfiguration section */
		70BEFB362BED58590052CC25 /* Debug */ = {
			isa = XCBuildConfiguration;
			buildSettings = {
				ALWAYS_SEARCH_USER_PATHS = NO;
				ASSETCATALOG_COMPILER_GENERATE_SWIFT_ASSET_SYMBOL_EXTENSIONS = YES;
				CLANG_ANALYZER_NONNULL = YES;
				CLANG_ANALYZER_NUMBER_OBJECT_CONVERSION = YES_AGGRESSIVE;
				CLANG_CXX_LANGUAGE_STANDARD = "gnu++20";
				CLANG_ENABLE_MODULES = YES;
				CLANG_ENABLE_OBJC_ARC = YES;
				CLANG_ENABLE_OBJC_WEAK = YES;
				CLANG_WARN_BLOCK_CAPTURE_AUTORELEASING = YES;
				CLANG_WARN_BOOL_CONVERSION = YES;
				CLANG_WARN_COMMA = YES;
				CLANG_WARN_CONSTANT_CONVERSION = YES;
				CLANG_WARN_DEPRECATED_OBJC_IMPLEMENTATIONS = YES;
				CLANG_WARN_DIRECT_OBJC_ISA_USAGE = YES_ERROR;
				CLANG_WARN_DOCUMENTATION_COMMENTS = YES;
				CLANG_WARN_EMPTY_BODY = YES;
				CLANG_WARN_ENUM_CONVERSION = YES;
				CLANG_WARN_INFINITE_RECURSION = YES;
				CLANG_WARN_INT_CONVERSION = YES;
				CLANG_WARN_NON_LITERAL_NULL_CONVERSION = YES;
				CLANG_WARN_OBJC_IMPLICIT_RETAIN_SELF = YES;
				CLANG_WARN_OBJC_LITERAL_CONVERSION = YES;
				CLANG_WARN_OBJC_ROOT_CLASS = YES_ERROR;
				CLANG_WARN_QUOTED_INCLUDE_IN_FRAMEWORK_HEADER = YES;
				CLANG_WARN_RANGE_LOOP_ANALYSIS = YES;
				CLANG_WARN_STRICT_PROTOTYPES = YES;
				CLANG_WARN_SUSPICIOUS_MOVE = YES;
				CLANG_WARN_UNGUARDED_AVAILABILITY = YES_AGGRESSIVE;
				CLANG_WARN_UNREACHABLE_CODE = YES;
				CLANG_WARN__DUPLICATE_METHOD_MATCH = YES;
				COPY_PHASE_STRIP = NO;
				DEBUG_INFORMATION_FORMAT = dwarf;
				ENABLE_STRICT_OBJC_MSGSEND = YES;
				ENABLE_TESTABILITY = YES;
				ENABLE_USER_SCRIPT_SANDBOXING = YES;
				GCC_C_LANGUAGE_STANDARD = gnu17;
				GCC_DYNAMIC_NO_PIC = NO;
				GCC_NO_COMMON_BLOCKS = YES;
				GCC_OPTIMIZATION_LEVEL = 0;
				GCC_PREPROCESSOR_DEFINITIONS = (
					"DEBUG=1",
					"$(inherited)",
				);
				GCC_WARN_64_TO_32_BIT_CONVERSION = YES;
				GCC_WARN_ABOUT_RETURN_TYPE = YES_ERROR;
				GCC_WARN_UNDECLARED_SELECTOR = YES;
				GCC_WARN_UNINITIALIZED_AUTOS = YES_AGGRESSIVE;
				GCC_WARN_UNUSED_FUNCTION = YES;
				GCC_WARN_UNUSED_VARIABLE = YES;
				IPHONEOS_DEPLOYMENT_TARGET = 17.4;
				LOCALIZATION_PREFERS_STRING_CATALOGS = YES;
				MTL_ENABLE_DEBUG_INFO = INCLUDE_SOURCE;
				MTL_FAST_MATH = YES;
				ONLY_ACTIVE_ARCH = YES;
				SDKROOT = iphoneos;
				SWIFT_ACTIVE_COMPILATION_CONDITIONS = "DEBUG $(inherited)";
				SWIFT_OPTIMIZATION_LEVEL = "-Onone";
			};
			name = Debug;
		};
		70BEFB372BED58590052CC25 /* Release */ = {
			isa = XCBuildConfiguration;
			buildSettings = {
				ALWAYS_SEARCH_USER_PATHS = NO;
				ASSETCATALOG_COMPILER_GENERATE_SWIFT_ASSET_SYMBOL_EXTENSIONS = YES;
				CLANG_ANALYZER_NONNULL = YES;
				CLANG_ANALYZER_NUMBER_OBJECT_CONVERSION = YES_AGGRESSIVE;
				CLANG_CXX_LANGUAGE_STANDARD = "gnu++20";
				CLANG_ENABLE_MODULES = YES;
				CLANG_ENABLE_OBJC_ARC = YES;
				CLANG_ENABLE_OBJC_WEAK = YES;
				CLANG_WARN_BLOCK_CAPTURE_AUTORELEASING = YES;
				CLANG_WARN_BOOL_CONVERSION = YES;
				CLANG_WARN_COMMA = YES;
				CLANG_WARN_CONSTANT_CONVERSION = YES;
				CLANG_WARN_DEPRECATED_OBJC_IMPLEMENTATIONS = YES;
				CLANG_WARN_DIRECT_OBJC_ISA_USAGE = YES_ERROR;
				CLANG_WARN_DOCUMENTATION_COMMENTS = YES;
				CLANG_WARN_EMPTY_BODY = YES;
				CLANG_WARN_ENUM_CONVERSION = YES;
				CLANG_WARN_INFINITE_RECURSION = YES;
				CLANG_WARN_INT_CONVERSION = YES;
				CLANG_WARN_NON_LITERAL_NULL_CONVERSION = YES;
				CLANG_WARN_OBJC_IMPLICIT_RETAIN_SELF = YES;
				CLANG_WARN_OBJC_LITERAL_CONVERSION = YES;
				CLANG_WARN_OBJC_ROOT_CLASS = YES_ERROR;
				CLANG_WARN_QUOTED_INCLUDE_IN_FRAMEWORK_HEADER = YES;
				CLANG_WARN_RANGE_LOOP_ANALYSIS = YES;
				CLANG_WARN_STRICT_PROTOTYPES = YES;
				CLANG_WARN_SUSPICIOUS_MOVE = YES;
				CLANG_WARN_UNGUARDED_AVAILABILITY = YES_AGGRESSIVE;
				CLANG_WARN_UNREACHABLE_CODE = YES;
				CLANG_WARN__DUPLICATE_METHOD_MATCH = YES;
				COPY_PHASE_STRIP = NO;
				DEBUG_INFORMATION_FORMAT = "dwarf-with-dsym";
				ENABLE_NS_ASSERTIONS = NO;
				ENABLE_STRICT_OBJC_MSGSEND = YES;
				ENABLE_USER_SCRIPT_SANDBOXING = YES;
				GCC_C_LANGUAGE_STANDARD = gnu17;
				GCC_NO_COMMON_BLOCKS = YES;
				GCC_WARN_64_TO_32_BIT_CONVERSION = YES;
				GCC_WARN_ABOUT_RETURN_TYPE = YES_ERROR;
				GCC_WARN_UNDECLARED_SELECTOR = YES;
				GCC_WARN_UNINITIALIZED_AUTOS = YES_AGGRESSIVE;
				GCC_WARN_UNUSED_FUNCTION = YES;
				GCC_WARN_UNUSED_VARIABLE = YES;
				IPHONEOS_DEPLOYMENT_TARGET = 17.4;
				LOCALIZATION_PREFERS_STRING_CATALOGS = YES;
				MTL_ENABLE_DEBUG_INFO = NO;
				MTL_FAST_MATH = YES;
				SDKROOT = iphoneos;
				SWIFT_COMPILATION_MODE = wholemodule;
				VALIDATE_PRODUCT = YES;
			};
			name = Release;
		};
		70BEFB392BED58590052CC25 /* Debug */ = {
			isa = XCBuildConfiguration;
			buildSettings = {
				ASSETCATALOG_COMPILER_APPICON_NAME = AppIcon;
				ASSETCATALOG_COMPILER_GLOBAL_ACCENT_COLOR_NAME = AccentColor;
				CODE_SIGN_STYLE = Automatic;
				CURRENT_PROJECT_VERSION = 1;
				DEVELOPMENT_ASSET_PATHS = "\"AIGameProj1/Preview Content\"";
				DEVELOPMENT_TEAM = 582P6G4A5R;
				ENABLE_PREVIEWS = YES;
				GENERATE_INFOPLIST_FILE = YES;
				INFOPLIST_KEY_UIApplicationSceneManifest_Generation = YES;
				INFOPLIST_KEY_UIApplicationSupportsIndirectInputEvents = YES;
				INFOPLIST_KEY_UILaunchScreen_Generation = YES;
				INFOPLIST_KEY_UISupportedInterfaceOrientations_iPad = "UIInterfaceOrientationPortrait UIInterfaceOrientationPortraitUpsideDown UIInterfaceOrientationLandscapeLeft UIInterfaceOrientationLandscapeRight";
				INFOPLIST_KEY_UISupportedInterfaceOrientations_iPhone = "UIInterfaceOrientationPortrait UIInterfaceOrientationLandscapeLeft UIInterfaceOrientationLandscapeRight";
				LD_RUNPATH_SEARCH_PATHS = (
					"$(inherited)",
					"@executable_path/Frameworks",
				);
				MARKETING_VERSION = 1.0;
				PRODUCT_BUNDLE_IDENTIFIER = Test.AIGameProj1;
				PRODUCT_NAME = "$(TARGET_NAME)";
				SWIFT_EMIT_LOC_STRINGS = YES;
				SWIFT_VERSION = 5.0;
				TARGETED_DEVICE_FAMILY = "1,2";
			};
			name = Debug;
		};
		70BEFB3A2BED58590052CC25 /* Release */ = {
			isa = XCBuildConfiguration;
			buildSettings = {
				ASSETCATALOG_COMPILER_APPICON_NAME = AppIcon;
				ASSETCATALOG_COMPILER_GLOBAL_ACCENT_COLOR_NAME = AccentColor;
				CODE_SIGN_STYLE = Automatic;
				CURRENT_PROJECT_VERSION = 1;
				DEVELOPMENT_ASSET_PATHS = "\"AIGameProj1/Preview Content\"";
				DEVELOPMENT_TEAM = 582P6G4A5R;
				ENABLE_PREVIEWS = YES;
				GENERATE_INFOPLIST_FILE = YES;
				INFOPLIST_KEY_UIApplicationSceneManifest_Generation = YES;
				INFOPLIST_KEY_UIApplicationSupportsIndirectInputEvents = YES;
				INFOPLIST_KEY_UILaunchScreen_Generation = YES;
				INFOPLIST_KEY_UISupportedInterfaceOrientations_iPad = "UIInterfaceOrientationPortrait UIInterfaceOrientationPortraitUpsideDown UIInterfaceOrientationLandscapeLeft UIInterfaceOrientationLandscapeRight";
				INFOPLIST_KEY_UISupportedInterfaceOrientations_iPhone = "UIInterfaceOrientationPortrait UIInterfaceOrientationLandscapeLeft UIInterfaceOrientationLandscapeRight";
				LD_RUNPATH_SEARCH_PATHS = (
					"$(inherited)",
					"@executable_path/Frameworks",
				);
				MARKETING_VERSION = 1.0;
				PRODUCT_BUNDLE_IDENTIFIER = Test.AIGameProj1;
				PRODUCT_NAME = "$(TARGET_NAME)";
				SWIFT_EMIT_LOC_STRINGS = YES;
				SWIFT_VERSION = 5.0;
				TARGETED_DEVICE_FAMILY = "1,2";
			};
			name = Release;
		};
/* End XCBuildConfiguration section */

/* Begin XCConfigurationList section */
		70BEFB252BED58570052CC25 /* Build configuration list for PBXProject "AIGameProj1" */ = {
			isa = XCConfigurationList;
			buildConfigurations = (
				70BEFB362BED58590052CC25 /* Debug */,
				70BEFB372BED58590052CC25 /* Release */,
			);
			defaultConfigurationIsVisible = 0;
			defaultConfigurationName = Release;
		};
		70BEFB382BED58590052CC25 /* Build configuration list for PBXNativeTarget "AIGameProj1" */ = {
			isa = XCConfigurationList;
			buildConfigurations = (
				70BEFB392BED58590052CC25 /* Debug */,
				70BEFB3A2BED58590052CC25 /* Release */,
			);
			defaultConfigurationIsVisible = 0;
			defaultConfigurationName = Release;
		};
/* End XCConfigurationList section */

/* Begin XCRemoteSwiftPackageReference section */
		70BEFB3B2BED60930052CC25 /* XCRemoteSwiftPackageReference "OpenAI" */ = {
			isa = XCRemoteSwiftPackageReference;
			repositoryURL = "https://github.com/MacPaw/OpenAI.git";
			requirement = {
				kind = upToNextMajorVersion;
				minimumVersion = 0.2.8;
			};
		};
		70E1596C2BFBAEE300DDD5E3 /* XCRemoteSwiftPackageReference "firebase-ios-sdk" */ = {
			isa = XCRemoteSwiftPackageReference;
			repositoryURL = "https://github.com/firebase/firebase-ios-sdk";
			requirement = {
				kind = upToNextMajorVersion;
				minimumVersion = 10.26.0;
			};
		};
/* End XCRemoteSwiftPackageReference section */

/* Begin XCSwiftPackageProductDependency section */
		70BEFB3C2BED60930052CC25 /* OpenAI */ = {
			isa = XCSwiftPackageProductDependency;
			package = 70BEFB3B2BED60930052CC25 /* XCRemoteSwiftPackageReference "OpenAI" */;
			productName = OpenAI;
		};
		70E1596D2BFBAEE400DDD5E3 /* FirebaseAuth */ = {
			isa = XCSwiftPackageProductDependency;
			package = 70E1596C2BFBAEE300DDD5E3 /* XCRemoteSwiftPackageReference "firebase-ios-sdk" */;
			productName = FirebaseAuth;
		};
		70E1596F2BFBAEE400DDD5E3 /* FirebaseFirestore */ = {
			isa = XCSwiftPackageProductDependency;
			package = 70E1596C2BFBAEE300DDD5E3 /* XCRemoteSwiftPackageReference "firebase-ios-sdk" */;
			productName = FirebaseFirestore;
		};
		70E159782BFBB65000DDD5E3 /* FirebaseFirestoreSwift */ = {
			isa = XCSwiftPackageProductDependency;
			package = 70E1596C2BFBAEE300DDD5E3 /* XCRemoteSwiftPackageReference "firebase-ios-sdk" */;
			productName = FirebaseFirestoreSwift;
		};
		70E159BE2C0FD50C00DDD5E3 /* FirebaseStorage */ = {
			isa = XCSwiftPackageProductDependency;
			package = 70E1596C2BFBAEE300DDD5E3 /* XCRemoteSwiftPackageReference "firebase-ios-sdk" */;
			productName = FirebaseStorage;
		};
/* End XCSwiftPackageProductDependency section */
	};
	rootObject = 70BEFB222BED58570052CC25 /* Project object */;
}
